{
  "name": "projeto",
  "lockfileVersion": 2,
  "requires": true,
  "packages": {
    "": {
      "dependencies": {
        "wavesurfer.js": "^7.7.3"
      }
    },
    "node_modules/wavesurfer.js": {
      "version": "7.7.3",
      "resolved": "https://registry.npmjs.org/wavesurfer.js/-/wavesurfer.js-7.7.3.tgz",
      "integrity": "sha512-TC7cQb0RVggtNC+Dl05gcnhSFL5U+fww3ZYJUuqgfR+r9oY+bh/hChCipDFDjs5cWtuek3GEtsPXWa93a9XYxw=="
    }
  },
  "dependencies": {
    "wavesurfer.js": {
      "version": "7.7.3",
      "resolved": "https://registry.npmjs.org/wavesurfer.js/-/wavesurfer.js-7.7.3.tgz",
      "integrity": "sha512-TC7cQb0RVggtNC+Dl05gcnhSFL5U+fww3ZYJUuqgfR+r9oY+bh/hChCipDFDjs5cWtuek3GEtsPXWa93a9XYxw=="
    }
  }
}
